
Microsoft Visual Studio Solution File, Format Version 12.00
# Visual Studio Version 17
VisualStudioVersion = 17.13.35806.99 d17.13
MinimumVisualStudioVersion = 10.0.40219.1
Project("{FAE04EC0-301F-11D3-BF4B-00C04F79EFBC}") = "RailwayData", "RailwayData\RailwayData.csproj", "{C2255CAA-10F3-48FE-915C-F121B2A026E4}"
EndProject
Project("{FAE04EC0-301F-11D3-BF4B-00C04F79EFBC}") = "RailwayWeb", "RailwayWeb\RailwayWeb.csproj", "{C352E92A-A4F4-4CB2-9709-873497741327}"
EndProject
Global
	GlobalSection(SolutionConfigurationPlatforms) = preSolution
		Debug|Any CPU = Debug|Any CPU
		Release|Any CPU = Release|Any CPU
	EndGlobalSection
	GlobalSection(ProjectConfigurationPlatforms) = postSolution
		{C2255CAA-10F3-48FE-915C-F121B2A026E4}.Debug|Any CPU.ActiveCfg = Debug|Any CPU
		{C2255CAA-10F3-48FE-915C-F121B2A026E4}.Debug|Any CPU.Build.0 = Debug|Any CPU
		{C2255CAA-10F3-48FE-915C-F121B2A026E4}.Release|Any CPU.ActiveCfg = Release|Any CPU
		{C2255CAA-10F3-48FE-915C-F121B2A026E4}.Release|Any CPU.Build.0 = Release|Any CPU
		{C352E92A-A4F4-4CB2-9709-873497741327}.Debug|Any CPU.ActiveCfg = Debug|Any CPU
		{C352E92A-A4F4-4CB2-9709-873497741327}.Debug|Any CPU.Build.0 = Debug|Any CPU
		{C352E92A-A4F4-4CB2-9709-873497741327}.Release|Any CPU.ActiveCfg = Release|Any CPU
		{C352E92A-A4F4-4CB2-9709-873497741327}.Release|Any CPU.Build.0 = Release|Any CPU
	EndGlobalSection
	GlobalSection(SolutionProperties) = preSolution
		HideSolutionNode = FALSE
	EndGlobalSection
	GlobalSection(ExtensibilityGlobals) = postSolution
		SolutionGuid = {1089F1B4-151F-4DD8-9052-B5DACEDF6A9B}
	EndGlobalSection
EndGlobal
